
Microsoft Visual Studio Solution File, Format Version 12.00
# Visual Studio Version 16
VisualStudioVersion = 16.0.31729.503
MinimumVisualStudioVersion = 10.0.40219.1
Project("{D954291E-2A0B-460D-934E-DC6B0785DB48}") = "WinDevUtilityUno.Shared", "WinDevUtilityUno\WinDevUtilityUno.Shared\WinDevUtilityUno.Shared.shproj", "{6279C845-92F8-4333-AB99-3D213163593C}"
EndProject
Project("{2150E333-8FDC-42A3-9474-1A3956D46DE8}") = "Platforms", "Platforms", "{311AF725-A54A-411C-A924-244D0901360E}"
EndProject
Project("{FAE04EC0-301F-11D3-BF4B-00C04F79EFBC}") = "WinDevUtilityUno.Droid", "WinDevUtilityUno\WinDevUtilityUno.Droid\WinDevUtilityUno.Droid.csproj", "{76545790-8915-4E12-AFC2-B722AFE7B673}"
EndProject
Project("{FAE04EC0-301F-11D3-BF4B-00C04F79EFBC}") = "WinDevUtilityUno.iOS", "WinDevUtilityUno\WinDevUtilityUno.iOS\WinDevUtilityUno.iOS.csproj", "{26BDC534-B5BA-4FAB-BF27-62EB74969E6E}"
EndProject
Project("{FAE04EC0-301F-11D3-BF4B-00C04F79EFBC}") = "WinDevUtilityUno.UWP", "WinDevUtilityUno\WinDevUtilityUno.UWP\WinDevUtilityUno.UWP.csproj", "{8EC249EE-8874-4043-8A8F-73047C20D8D3}"
EndProject
Project("{FAE04EC0-301F-11D3-BF4B-00C04F79EFBC}") = "WinDevUtilityUno.Wasm", "WinDevUtilityUno\WinDevUtilityUno.Wasm\WinDevUtilityUno.Wasm.csproj", "{93F51D48-FD0A-4CF2-802C-276FC67C8545}"
EndProject
Project("{FAE04EC0-301F-11D3-BF4B-00C04F79EFBC}") = "WinDevUtilityUno.macOS", "WinDevUtilityUno\WinDevUtilityUno.macOS\WinDevUtilityUno.macOS.csproj", "{A19FB45B-D99B-4801-A8EB-EDDF7976F95C}"
EndProject
Project("{FAE04EC0-301F-11D3-BF4B-00C04F79EFBC}") = "WinDevUtilityUno.Skia.Wpf.Host", "WinDevUtilityUno\WinDevUtilityUno.Skia.Wpf.Host\WinDevUtilityUno.Skia.Wpf.Host.csproj", "{48E72FD0-4EB6-4F65-AEF8-E38AAA3B0619}"
EndProject
Project("{FAE04EC0-301F-11D3-BF4B-00C04F79EFBC}") = "WinDevUtilityUno.Skia.Wpf", "WinDevUtilityUno\WinDevUtilityUno.Skia.Wpf\WinDevUtilityUno.Skia.Wpf.csproj", "{2BE559C1-A031-42FE-9C24-35712D2D9C54}"
EndProject
Project("{FAE04EC0-301F-11D3-BF4B-00C04F79EFBC}") = "WinDevUtilityUno.Skia.Gtk", "WinDevUtilityUno\WinDevUtilityUno.Skia.Gtk\WinDevUtilityUno.Skia.Gtk.csproj", "{A1DFE6ED-2638-4C0F-947F-F1B3515BDEE5}"
EndProject
Project("{FAE04EC0-301F-11D3-BF4B-00C04F79EFBC}") = "WinDevUtilityUno.Skia.Tizen", "WinDevUtilityUno\WinDevUtilityUno.Skia.Tizen\WinDevUtilityUno.Skia.Tizen.csproj", "{1F7A0DB0-661D-4DA5-93BE-E3E6E4391614}"
EndProject
Global
	GlobalSection(SharedMSBuildProjectFiles) = preSolution
		WinDevUtilityUno\WinDevUtilityUno.Shared\WinDevUtilityUno.Shared.projitems*{1f7a0db0-661d-4da5-93be-e3e6e4391614}*SharedItemsImports = 5
		WinDevUtilityUno\WinDevUtilityUno.Shared\WinDevUtilityUno.Shared.projitems*{26bdc534-b5ba-4fab-bf27-62eb74969e6e}*SharedItemsImports = 4
		WinDevUtilityUno\WinDevUtilityUno.Shared\WinDevUtilityUno.Shared.projitems*{2be559c1-a031-42fe-9c24-35712d2d9c54}*SharedItemsImports = 5
		WinDevUtilityUno\WinDevUtilityUno.Shared\WinDevUtilityUno.Shared.projitems*{6279c845-92f8-4333-ab99-3d213163593c}*SharedItemsImports = 13
		WinDevUtilityUno\WinDevUtilityUno.Shared\WinDevUtilityUno.Shared.projitems*{76545790-8915-4e12-afc2-b722afe7b673}*SharedItemsImports = 4
		WinDevUtilityUno\WinDevUtilityUno.Shared\WinDevUtilityUno.Shared.projitems*{8ec249ee-8874-4043-8a8f-73047c20d8d3}*SharedItemsImports = 4
		WinDevUtilityUno\WinDevUtilityUno.Shared\WinDevUtilityUno.Shared.projitems*{93f51d48-fd0a-4cf2-802c-276fc67c8545}*SharedItemsImports = 5
		WinDevUtilityUno\WinDevUtilityUno.Shared\WinDevUtilityUno.Shared.projitems*{a19fb45b-d99b-4801-a8eb-eddf7976f95c}*SharedItemsImports = 4
		WinDevUtilityUno\WinDevUtilityUno.Shared\WinDevUtilityUno.Shared.projitems*{a1dfe6ed-2638-4c0f-947f-f1b3515bdee5}*SharedItemsImports = 5
	EndGlobalSection
	GlobalSection(SolutionConfigurationPlatforms) = preSolution
		Ad-Hoc|Any CPU = Ad-Hoc|Any CPU
		Ad-Hoc|ARM = Ad-Hoc|ARM
		Ad-Hoc|ARM64 = Ad-Hoc|ARM64
		Ad-Hoc|iPhone = Ad-Hoc|iPhone
		Ad-Hoc|iPhoneSimulator = Ad-Hoc|iPhoneSimulator
		Ad-Hoc|x64 = Ad-Hoc|x64
		Ad-Hoc|x86 = Ad-Hoc|x86
		AppStore|Any CPU = AppStore|Any CPU
		AppStore|ARM = AppStore|ARM
		AppStore|ARM64 = AppStore|ARM64
		AppStore|iPhone = AppStore|iPhone
		AppStore|iPhoneSimulator = AppStore|iPhoneSimulator
		AppStore|x64 = AppStore|x64
		AppStore|x86 = AppStore|x86
		Debug|Any CPU = Debug|Any CPU
		Debug|ARM = Debug|ARM
		Debug|ARM64 = Debug|ARM64
		Debug|iPhone = Debug|iPhone
		Debug|iPhoneSimulator = Debug|iPhoneSimulator
		Debug|x64 = Debug|x64
		Debug|x86 = Debug|x86
		Release|Any CPU = Release|Any CPU
		Release|ARM = Release|ARM
		Release|ARM64 = Release|ARM64
		Release|iPhone = Release|iPhone
		Release|iPhoneSimulator = Release|iPhoneSimulator
		Release|x64 = Release|x64
		Release|x86 = Release|x86
	EndGlobalSection
	GlobalSection(ProjectConfigurationPlatforms) = postSolution
		{76545790-8915-4E12-AFC2-B722AFE7B673}.Ad-Hoc|Any CPU.ActiveCfg = Debug|Any CPU
		{76545790-8915-4E12-AFC2-B722AFE7B673}.Ad-Hoc|Any CPU.Build.0 = Debug|Any CPU
		{76545790-8915-4E12-AFC2-B722AFE7B673}.Ad-Hoc|Any CPU.Deploy.0 = Debug|Any CPU
		{76545790-8915-4E12-AFC2-B722AFE7B673}.Ad-Hoc|ARM.ActiveCfg = Debug|Any CPU
		{76545790-8915-4E12-AFC2-B722AFE7B673}.Ad-Hoc|ARM.Build.0 = Debug|Any CPU
		{76545790-8915-4E12-AFC2-B722AFE7B673}.Ad-Hoc|ARM.Deploy.0 = Debug|Any CPU
		{76545790-8915-4E12-AFC2-B722AFE7B673}.Ad-Hoc|ARM64.ActiveCfg = Debug|Any CPU
		{76545790-8915-4E12-AFC2-B722AFE7B673}.Ad-Hoc|ARM64.Build.0 = Debug|Any CPU
		{76545790-8915-4E12-AFC2-B722AFE7B673}.Ad-Hoc|ARM64.Deploy.0 = Debug|Any CPU
		{76545790-8915-4E12-AFC2-B722AFE7B673}.Ad-Hoc|iPhone.ActiveCfg = Debug|Any CPU
		{76545790-8915-4E12-AFC2-B722AFE7B673}.Ad-Hoc|iPhone.Build.0 = Debug|Any CPU
		{76545790-8915-4E12-AFC2-B722AFE7B673}.Ad-Hoc|iPhone.Deploy.0 = Debug|Any CPU
		{76545790-8915-4E12-AFC2-B722AFE7B673}.Ad-Hoc|iPhoneSimulator.ActiveCfg = Debug|Any CPU
		{76545790-8915-4E12-AFC2-B722AFE7B673}.Ad-Hoc|iPhoneSimulator.Build.0 = Debug|Any CPU
		{76545790-8915-4E12-AFC2-B722AFE7B673}.Ad-Hoc|iPhoneSimulator.Deploy.0 = Debug|Any CPU
		{76545790-8915-4E12-AFC2-B722AFE7B673}.Ad-Hoc|x64.ActiveCfg = Debug|Any CPU
		{76545790-8915-4E12-AFC2-B722AFE7B673}.Ad-Hoc|x64.Build.0 = Debug|Any CPU
		{76545790-8915-4E12-AFC2-B722AFE7B673}.Ad-Hoc|x64.Deploy.0 = Debug|Any CPU
		{76545790-8915-4E12-AFC2-B722AFE7B673}.Ad-Hoc|x86.ActiveCfg = Debug|Any CPU
		{76545790-8915-4E12-AFC2-B722AFE7B673}.Ad-Hoc|x86.Build.0 = Debug|Any CPU
		{76545790-8915-4E12-AFC2-B722AFE7B673}.Ad-Hoc|x86.Deploy.0 = Debug|Any CPU
		{76545790-8915-4E12-AFC2-B722AFE7B673}.AppStore|Any CPU.ActiveCfg = Debug|Any CPU
		{76545790-8915-4E12-AFC2-B722AFE7B673}.AppStore|Any CPU.Build.0 = Debug|Any CPU
		{76545790-8915-4E12-AFC2-B722AFE7B673}.AppStore|Any CPU.Deploy.0 = Debug|Any CPU
		{76545790-8915-4E12-AFC2-B722AFE7B673}.AppStore|ARM.ActiveCfg = Debug|Any CPU
		{76545790-8915-4E12-AFC2-B722AFE7B673}.AppStore|ARM.Build.0 = Debug|Any CPU
		{76545790-8915-4E12-AFC2-B722AFE7B673}.AppStore|ARM.Deploy.0 = Debug|Any CPU
		{76545790-8915-4E12-AFC2-B722AFE7B673}.AppStore|ARM64.ActiveCfg = Debug|Any CPU
		{76545790-8915-4E12-AFC2-B722AFE7B673}.AppStore|ARM64.Build.0 = Debug|Any CPU
		{76545790-8915-4E12-AFC2-B722AFE7B673}.AppStore|ARM64.Deploy.0 = Debug|Any CPU
		{76545790-8915-4E12-AFC2-B722AFE7B673}.AppStore|iPhone.ActiveCfg = Debug|Any CPU
		{76545790-8915-4E12-AFC2-B722AFE7B673}.AppStore|iPhone.Build.0 = Debug|Any CPU
		{76545790-8915-4E12-AFC2-B722AFE7B673}.AppStore|iPhone.Deploy.0 = Debug|Any CPU
		{76545790-8915-4E12-AFC2-B722AFE7B673}.AppStore|iPhoneSimulator.ActiveCfg = Debug|Any CPU
		{76545790-8915-4E12-AFC2-B722AFE7B673}.AppStore|iPhoneSimulator.Build.0 = Debug|Any CPU
		{76545790-8915-4E12-AFC2-B722AFE7B673}.AppStore|iPhoneSimulator.Deploy.0 = Debug|Any CPU
		{76545790-8915-4E12-AFC2-B722AFE7B673}.AppStore|x64.ActiveCfg = Debug|Any CPU
		{76545790-8915-4E12-AFC2-B722AFE7B673}.AppStore|x64.Build.0 = Debug|Any CPU
		{76545790-8915-4E12-AFC2-B722AFE7B673}.AppStore|x64.Deploy.0 = Debug|Any CPU
		{76545790-8915-4E12-AFC2-B722AFE7B673}.AppStore|x86.ActiveCfg = Debug|Any CPU
		{76545790-8915-4E12-AFC2-B722AFE7B673}.AppStore|x86.Build.0 = Debug|Any CPU
		{76545790-8915-4E12-AFC2-B722AFE7B673}.AppStore|x86.Deploy.0 = Debug|Any CPU
		{76545790-8915-4E12-AFC2-B722AFE7B673}.Debug|Any CPU.ActiveCfg = Debug|Any CPU
		{76545790-8915-4E12-AFC2-B722AFE7B673}.Debug|Any CPU.Build.0 = Debug|Any CPU
		{76545790-8915-4E12-AFC2-B722AFE7B673}.Debug|Any CPU.Deploy.0 = Debug|Any CPU
		{76545790-8915-4E12-AFC2-B722AFE7B673}.Debug|ARM.ActiveCfg = Debug|Any CPU
		{76545790-8915-4E12-AFC2-B722AFE7B673}.Debug|ARM.Build.0 = Debug|Any CPU
		{76545790-8915-4E12-AFC2-B722AFE7B673}.Debug|ARM.Deploy.0 = Debug|Any CPU
		{76545790-8915-4E12-AFC2-B722AFE7B673}.Debug|ARM64.ActiveCfg = Debug|Any CPU
		{76545790-8915-4E12-AFC2-B722AFE7B673}.Debug|ARM64.Build.0 = Debug|Any CPU
		{76545790-8915-4E12-AFC2-B722AFE7B673}.Debug|ARM64.Deploy.0 = Debug|Any CPU
		{76545790-8915-4E12-AFC2-B722AFE7B673}.Debug|iPhone.ActiveCfg = Debug|Any CPU
		{76545790-8915-4E12-AFC2-B722AFE7B673}.Debug|iPhone.Build.0 = Debug|Any CPU
		{76545790-8915-4E12-AFC2-B722AFE7B673}.Debug|iPhone.Deploy.0 = Debug|Any CPU
		{76545790-8915-4E12-AFC2-B722AFE7B673}.Debug|iPhoneSimulator.ActiveCfg = Debug|Any CPU
		{76545790-8915-4E12-AFC2-B722AFE7B673}.Debug|iPhoneSimulator.Build.0 = Debug|Any CPU
		{76545790-8915-4E12-AFC2-B722AFE7B673}.Debug|iPhoneSimulator.Deploy.0 = Debug|Any CPU
		{76545790-8915-4E12-AFC2-B722AFE7B673}.Debug|x64.ActiveCfg = Debug|Any CPU
		{76545790-8915-4E12-AFC2-B722AFE7B673}.Debug|x64.Build.0 = Debug|Any CPU
		{76545790-8915-4E12-AFC2-B722AFE7B673}.Debug|x64.Deploy.0 = Debug|Any CPU
		{76545790-8915-4E12-AFC2-B722AFE7B673}.Debug|x86.ActiveCfg = Debug|Any CPU
		{76545790-8915-4E12-AFC2-B722AFE7B673}.Debug|x86.Build.0 = Debug|Any CPU
		{76545790-8915-4E12-AFC2-B722AFE7B673}.Debug|x86.Deploy.0 = Debug|Any CPU
		{76545790-8915-4E12-AFC2-B722AFE7B673}.Release|Any CPU.ActiveCfg = Release|Any CPU
		{76545790-8915-4E12-AFC2-B722AFE7B673}.Release|Any CPU.Build.0 = Release|Any CPU
		{76545790-8915-4E12-AFC2-B722AFE7B673}.Release|Any CPU.Deploy.0 = Release|Any CPU
		{76545790-8915-4E12-AFC2-B722AFE7B673}.Release|ARM.ActiveCfg = Release|Any CPU
		{76545790-8915-4E12-AFC2-B722AFE7B673}.Release|ARM.Build.0 = Release|Any CPU
		{76545790-8915-4E12-AFC2-B722AFE7B673}.Release|ARM.Deploy.0 = Release|Any CPU
		{76545790-8915-4E12-AFC2-B722AFE7B673}.Release|ARM64.ActiveCfg = Release|Any CPU
		{76545790-8915-4E12-AFC2-B722AFE7B673}.Release|ARM64.Build.0 = Release|Any CPU
		{76545790-8915-4E12-AFC2-B722AFE7B673}.Release|ARM64.Deploy.0 = Release|Any CPU
		{76545790-8915-4E12-AFC2-B722AFE7B673}.Release|iPhone.ActiveCfg = Release|Any CPU
		{76545790-8915-4E12-AFC2-B722AFE7B673}.Release|iPhone.Build.0 = Release|Any CPU
		{76545790-8915-4E12-AFC2-B722AFE7B673}.Release|iPhone.Deploy.0 = Release|Any CPU
		{76545790-8915-4E12-AFC2-B722AFE7B673}.Release|iPhoneSimulator.ActiveCfg = Release|Any CPU
		{76545790-8915-4E12-AFC2-B722AFE7B673}.Release|iPhoneSimulator.Build.0 = Release|Any CPU
		{76545790-8915-4E12-AFC2-B722AFE7B673}.Release|iPhoneSimulator.Deploy.0 = Release|Any CPU
		{76545790-8915-4E12-AFC2-B722AFE7B673}.Release|x64.ActiveCfg = Release|Any CPU
		{76545790-8915-4E12-AFC2-B722AFE7B673}.Release|x64.Build.0 = Release|Any CPU
		{76545790-8915-4E12-AFC2-B722AFE7B673}.Release|x64.Deploy.0 = Release|Any CPU
		{76545790-8915-4E12-AFC2-B722AFE7B673}.Release|x86.ActiveCfg = Release|Any CPU
		{76545790-8915-4E12-AFC2-B722AFE7B673}.Release|x86.Build.0 = Release|Any CPU
		{76545790-8915-4E12-AFC2-B722AFE7B673}.Release|x86.Deploy.0 = Release|Any CPU
		{26BDC534-B5BA-4FAB-BF27-62EB74969E6E}.Ad-Hoc|Any CPU.ActiveCfg = Ad-Hoc|iPhoneSimulator
		{26BDC534-B5BA-4FAB-BF27-62EB74969E6E}.Ad-Hoc|ARM.ActiveCfg = Ad-Hoc|iPhoneSimulator
		{26BDC534-B5BA-4FAB-BF27-62EB74969E6E}.Ad-Hoc|ARM64.ActiveCfg = Ad-Hoc|iPhoneSimulator
		{26BDC534-B5BA-4FAB-BF27-62EB74969E6E}.Ad-Hoc|iPhone.ActiveCfg = Ad-Hoc|iPhone
		{26BDC534-B5BA-4FAB-BF27-62EB74969E6E}.Ad-Hoc|iPhone.Build.0 = Ad-Hoc|iPhone
		{26BDC534-B5BA-4FAB-BF27-62EB74969E6E}.Ad-Hoc|iPhoneSimulator.ActiveCfg = Ad-Hoc|iPhoneSimulator
		{26BDC534-B5BA-4FAB-BF27-62EB74969E6E}.Ad-Hoc|iPhoneSimulator.Build.0 = Ad-Hoc|iPhoneSimulator
		{26BDC534-B5BA-4FAB-BF27-62EB74969E6E}.Ad-Hoc|x64.ActiveCfg = Ad-Hoc|iPhoneSimulator
		{26BDC534-B5BA-4FAB-BF27-62EB74969E6E}.Ad-Hoc|x86.ActiveCfg = Ad-Hoc|iPhoneSimulator
		{26BDC534-B5BA-4FAB-BF27-62EB74969E6E}.AppStore|Any CPU.ActiveCfg = AppStore|iPhoneSimulator
		{26BDC534-B5BA-4FAB-BF27-62EB74969E6E}.AppStore|ARM.ActiveCfg = AppStore|iPhoneSimulator
		{26BDC534-B5BA-4FAB-BF27-62EB74969E6E}.AppStore|ARM64.ActiveCfg = AppStore|iPhoneSimulator
		{26BDC534-B5BA-4FAB-BF27-62EB74969E6E}.AppStore|iPhone.ActiveCfg = AppStore|iPhone
		{26BDC534-B5BA-4FAB-BF27-62EB74969E6E}.AppStore|iPhone.Build.0 = AppStore|iPhone
		{26BDC534-B5BA-4FAB-BF27-62EB74969E6E}.AppStore|iPhoneSimulator.ActiveCfg = AppStore|iPhoneSimulator
		{26BDC534-B5BA-4FAB-BF27-62EB74969E6E}.AppStore|iPhoneSimulator.Build.0 = AppStore|iPhoneSimulator
		{26BDC534-B5BA-4FAB-BF27-62EB74969E6E}.AppStore|x64.ActiveCfg = AppStore|iPhoneSimulator
		{26BDC534-B5BA-4FAB-BF27-62EB74969E6E}.AppStore|x86.ActiveCfg = AppStore|iPhoneSimulator
		{26BDC534-B5BA-4FAB-BF27-62EB74969E6E}.Debug|Any CPU.ActiveCfg = Debug|iPhoneSimulator
		{26BDC534-B5BA-4FAB-BF27-62EB74969E6E}.Debug|ARM.ActiveCfg = Debug|iPhoneSimulator
		{26BDC534-B5BA-4FAB-BF27-62EB74969E6E}.Debug|ARM64.ActiveCfg = Debug|iPhoneSimulator
		{26BDC534-B5BA-4FAB-BF27-62EB74969E6E}.Debug|iPhone.ActiveCfg = Debug|iPhone
		{26BDC534-B5BA-4FAB-BF27-62EB74969E6E}.Debug|iPhone.Build.0 = Debug|iPhone
		{26BDC534-B5BA-4FAB-BF27-62EB74969E6E}.Debug|iPhoneSimulator.ActiveCfg = Debug|iPhoneSimulator
		{26BDC534-B5BA-4FAB-BF27-62EB74969E6E}.Debug|iPhoneSimulator.Build.0 = Debug|iPhoneSimulator
		{26BDC534-B5BA-4FAB-BF27-62EB74969E6E}.Debug|x64.ActiveCfg = Debug|iPhoneSimulator
		{26BDC534-B5BA-4FAB-BF27-62EB74969E6E}.Debug|x86.ActiveCfg = Debug|iPhoneSimulator
		{26BDC534-B5BA-4FAB-BF27-62EB74969E6E}.Release|Any CPU.ActiveCfg = Release|iPhoneSimulator
		{26BDC534-B5BA-4FAB-BF27-62EB74969E6E}.Release|ARM.ActiveCfg = Release|iPhoneSimulator
		{26BDC534-B5BA-4FAB-BF27-62EB74969E6E}.Release|ARM64.ActiveCfg = Release|iPhoneSimulator
		{26BDC534-B5BA-4FAB-BF27-62EB74969E6E}.Release|iPhone.ActiveCfg = Release|iPhone
		{26BDC534-B5BA-4FAB-BF27-62EB74969E6E}.Release|iPhone.Build.0 = Release|iPhone
		{26BDC534-B5BA-4FAB-BF27-62EB74969E6E}.Release|iPhoneSimulator.ActiveCfg = Release|iPhoneSimulator
		{26BDC534-B5BA-4FAB-BF27-62EB74969E6E}.Release|iPhoneSimulator.Build.0 = Release|iPhoneSimulator
		{26BDC534-B5BA-4FAB-BF27-62EB74969E6E}.Release|x64.ActiveCfg = Release|iPhoneSimulator
		{26BDC534-B5BA-4FAB-BF27-62EB74969E6E}.Release|x86.ActiveCfg = Release|iPhoneSimulator
		{8EC249EE-8874-4043-8A8F-73047C20D8D3}.Ad-Hoc|Any CPU.ActiveCfg = Debug|x86
		{8EC249EE-8874-4043-8A8F-73047C20D8D3}.Ad-Hoc|Any CPU.Build.0 = Debug|x86
		{8EC249EE-8874-4043-8A8F-73047C20D8D3}.Ad-Hoc|Any CPU.Deploy.0 = Debug|x86
		{8EC249EE-8874-4043-8A8F-73047C20D8D3}.Ad-Hoc|ARM.ActiveCfg = Debug|ARM
		{8EC249EE-8874-4043-8A8F-73047C20D8D3}.Ad-Hoc|ARM.Build.0 = Debug|ARM
		{8EC249EE-8874-4043-8A8F-73047C20D8D3}.Ad-Hoc|ARM.Deploy.0 = Debug|ARM
		{8EC249EE-8874-4043-8A8F-73047C20D8D3}.Ad-Hoc|ARM64.ActiveCfg = Debug|ARM64
		{8EC249EE-8874-4043-8A8F-73047C20D8D3}.Ad-Hoc|ARM64.Build.0 = Debug|ARM64
		{8EC249EE-8874-4043-8A8F-73047C20D8D3}.Ad-Hoc|ARM64.Deploy.0 = Debug|ARM64
		{8EC249EE-8874-4043-8A8F-73047C20D8D3}.Ad-Hoc|iPhone.ActiveCfg = Debug|x86
		{8EC249EE-8874-4043-8A8F-73047C20D8D3}.Ad-Hoc|iPhone.Build.0 = Debug|x86
		{8EC249EE-8874-4043-8A8F-73047C20D8D3}.Ad-Hoc|iPhone.Deploy.0 = Debug|x86
		{8EC249EE-8874-4043-8A8F-73047C20D8D3}.Ad-Hoc|iPhoneSimulator.ActiveCfg = Debug|x86
		{8EC249EE-8874-4043-8A8F-73047C20D8D3}.Ad-Hoc|iPhoneSimulator.Build.0 = Debug|x86
		{8EC249EE-8874-4043-8A8F-73047C20D8D3}.Ad-Hoc|iPhoneSimulator.Deploy.0 = Debug|x86
		{8EC249EE-8874-4043-8A8F-73047C20D8D3}.Ad-Hoc|x64.ActiveCfg = Debug|x64
		{8EC249EE-8874-4043-8A8F-73047C20D8D3}.Ad-Hoc|x64.Build.0 = Debug|x64
		{8EC249EE-8874-4043-8A8F-73047C20D8D3}.Ad-Hoc|x64.Deploy.0 = Debug|x64
		{8EC249EE-8874-4043-8A8F-73047C20D8D3}.Ad-Hoc|x86.ActiveCfg = Debug|x86
		{8EC249EE-8874-4043-8A8F-73047C20D8D3}.Ad-Hoc|x86.Build.0 = Debug|x86
		{8EC249EE-8874-4043-8A8F-73047C20D8D3}.Ad-Hoc|x86.Deploy.0 = Debug|x86
		{8EC249EE-8874-4043-8A8F-73047C20D8D3}.AppStore|Any CPU.ActiveCfg = Debug|x86
		{8EC249EE-8874-4043-8A8F-73047C20D8D3}.AppStore|Any CPU.Build.0 = Debug|x86
		{8EC249EE-8874-4043-8A8F-73047C20D8D3}.AppStore|Any CPU.Deploy.0 = Debug|x86
		{8EC249EE-8874-4043-8A8F-73047C20D8D3}.AppStore|ARM.ActiveCfg = Debug|ARM
		{8EC249EE-8874-4043-8A8F-73047C20D8D3}.AppStore|ARM.Build.0 = Debug|ARM
		{8EC249EE-8874-4043-8A8F-73047C20D8D3}.AppStore|ARM.Deploy.0 = Debug|ARM
		{8EC249EE-8874-4043-8A8F-73047C20D8D3}.AppStore|ARM64.ActiveCfg = Debug|ARM64
		{8EC249EE-8874-4043-8A8F-73047C20D8D3}.AppStore|ARM64.Build.0 = Debug|ARM64
		{8EC249EE-8874-4043-8A8F-73047C20D8D3}.AppStore|ARM64.Deploy.0 = Debug|ARM64
		{8EC249EE-8874-4043-8A8F-73047C20D8D3}.AppStore|iPhone.ActiveCfg = Debug|x86
		{8EC249EE-8874-4043-8A8F-73047C20D8D3}.AppStore|iPhone.Build.0 = Debug|x86
		{8EC249EE-8874-4043-8A8F-73047C20D8D3}.AppStore|iPhone.Deploy.0 = Debug|x86
		{8EC249EE-8874-4043-8A8F-73047C20D8D3}.AppStore|iPhoneSimulator.ActiveCfg = Debug|x86
		{8EC249EE-8874-4043-8A8F-73047C20D8D3}.AppStore|iPhoneSimulator.Build.0 = Debug|x86
		{8EC249EE-8874-4043-8A8F-73047C20D8D3}.AppStore|iPhoneSimulator.Deploy.0 = Debug|x86
		{8EC249EE-8874-4043-8A8F-73047C20D8D3}.AppStore|x64.ActiveCfg = Debug|x64
		{8EC249EE-8874-4043-8A8F-73047C20D8D3}.AppStore|x64.Build.0 = Debug|x64
		{8EC249EE-8874-4043-8A8F-73047C20D8D3}.AppStore|x64.Deploy.0 = Debug|x64
		{8EC249EE-8874-4043-8A8F-73047C20D8D3}.AppStore|x86.ActiveCfg = Debug|x86
		{8EC249EE-8874-4043-8A8F-73047C20D8D3}.AppStore|x86.Build.0 = Debug|x86
		{8EC249EE-8874-4043-8A8F-73047C20D8D3}.AppStore|x86.Deploy.0 = Debug|x86
		{8EC249EE-8874-4043-8A8F-73047C20D8D3}.Debug|Any CPU.ActiveCfg = Debug|x86
		{8EC249EE-8874-4043-8A8F-73047C20D8D3}.Debug|Any CPU.Build.0 = Debug|x86
		{8EC249EE-8874-4043-8A8F-73047C20D8D3}.Debug|Any CPU.Deploy.0 = Debug|x86
		{8EC249EE-8874-4043-8A8F-73047C20D8D3}.Debug|ARM.ActiveCfg = Debug|ARM
		{8EC249EE-8874-4043-8A8F-73047C20D8D3}.Debug|ARM.Build.0 = Debug|ARM
		{8EC249EE-8874-4043-8A8F-73047C20D8D3}.Debug|ARM.Deploy.0 = Debug|ARM
		{8EC249EE-8874-4043-8A8F-73047C20D8D3}.Debug|ARM64.ActiveCfg = Debug|ARM64
		{8EC249EE-8874-4043-8A8F-73047C20D8D3}.Debug|ARM64.Build.0 = Debug|ARM64
		{8EC249EE-8874-4043-8A8F-73047C20D8D3}.Debug|ARM64.Deploy.0 = Debug|ARM64
		{8EC249EE-8874-4043-8A8F-73047C20D8D3}.Debug|iPhone.ActiveCfg = Debug|x86
		{8EC249EE-8874-4043-8A8F-73047C20D8D3}.Debug|iPhoneSimulator.ActiveCfg = Debug|x86
		{8EC249EE-8874-4043-8A8F-73047C20D8D3}.Debug|x64.ActiveCfg = Debug|x64
		{8EC249EE-8874-4043-8A8F-73047C20D8D3}.Debug|x64.Build.0 = Debug|x64
		{8EC249EE-8874-4043-8A8F-73047C20D8D3}.Debug|x64.Deploy.0 = Debug|x64
		{8EC249EE-8874-4043-8A8F-73047C20D8D3}.Debug|x86.ActiveCfg = Debug|x86
		{8EC249EE-8874-4043-8A8F-73047C20D8D3}.Debug|x86.Build.0 = Debug|x86
		{8EC249EE-8874-4043-8A8F-73047C20D8D3}.Debug|x86.Deploy.0 = Debug|x86
		{8EC249EE-8874-4043-8A8F-73047C20D8D3}.Release|Any CPU.ActiveCfg = Release|x86
		{8EC249EE-8874-4043-8A8F-73047C20D8D3}.Release|ARM.ActiveCfg = Release|ARM
		{8EC249EE-8874-4043-8A8F-73047C20D8D3}.Release|ARM.Build.0 = Release|ARM
		{8EC249EE-8874-4043-8A8F-73047C20D8D3}.Release|ARM.Deploy.0 = Release|ARM
		{8EC249EE-8874-4043-8A8F-73047C20D8D3}.Release|ARM64.ActiveCfg = Release|ARM64
		{8EC249EE-8874-4043-8A8F-73047C20D8D3}.Release|ARM64.Build.0 = Release|ARM64
		{8EC249EE-8874-4043-8A8F-73047C20D8D3}.Release|ARM64.Deploy.0 = Release|ARM64
		{8EC249EE-8874-4043-8A8F-73047C20D8D3}.Release|iPhone.ActiveCfg = Release|x86
		{8EC249EE-8874-4043-8A8F-73047C20D8D3}.Release|iPhoneSimulator.ActiveCfg = Release|x86
		{8EC249EE-8874-4043-8A8F-73047C20D8D3}.Release|x64.ActiveCfg = Release|x64
		{8EC249EE-8874-4043-8A8F-73047C20D8D3}.Release|x64.Build.0 = Release|x64
		{8EC249EE-8874-4043-8A8F-73047C20D8D3}.Release|x64.Deploy.0 = Release|x64
		{8EC249EE-8874-4043-8A8F-73047C20D8D3}.Release|x86.ActiveCfg = Release|x86
		{8EC249EE-8874-4043-8A8F-73047C20D8D3}.Release|x86.Build.0 = Release|x86
		{8EC249EE-8874-4043-8A8F-73047C20D8D3}.Release|x86.Deploy.0 = Release|x86
		{93F51D48-FD0A-4CF2-802C-276FC67C8545}.Ad-Hoc|Any CPU.ActiveCfg = Debug|Any CPU
		{93F51D48-FD0A-4CF2-802C-276FC67C8545}.Ad-Hoc|Any CPU.Build.0 = Debug|Any CPU
		{93F51D48-FD0A-4CF2-802C-276FC67C8545}.Ad-Hoc|ARM.ActiveCfg = Debug|Any CPU
		{93F51D48-FD0A-4CF2-802C-276FC67C8545}.Ad-Hoc|ARM.Build.0 = Debug|Any CPU
		{93F51D48-FD0A-4CF2-802C-276FC67C8545}.Ad-Hoc|ARM64.ActiveCfg = Debug|Any CPU
		{93F51D48-FD0A-4CF2-802C-276FC67C8545}.Ad-Hoc|ARM64.Build.0 = Debug|Any CPU
		{93F51D48-FD0A-4CF2-802C-276FC67C8545}.Ad-Hoc|iPhone.ActiveCfg = Debug|Any CPU
		{93F51D48-FD0A-4CF2-802C-276FC67C8545}.Ad-Hoc|iPhone.Build.0 = Debug|Any CPU
		{93F51D48-FD0A-4CF2-802C-276FC67C8545}.Ad-Hoc|iPhoneSimulator.ActiveCfg = Debug|Any CPU
		{93F51D48-FD0A-4CF2-802C-276FC67C8545}.Ad-Hoc|iPhoneSimulator.Build.0 = Debug|Any CPU
		{93F51D48-FD0A-4CF2-802C-276FC67C8545}.Ad-Hoc|x64.ActiveCfg = Debug|Any CPU
		{93F51D48-FD0A-4CF2-802C-276FC67C8545}.Ad-Hoc|x64.Build.0 = Debug|Any CPU
		{93F51D48-FD0A-4CF2-802C-276FC67C8545}.Ad-Hoc|x86.ActiveCfg = Debug|Any CPU
		{93F51D48-FD0A-4CF2-802C-276FC67C8545}.Ad-Hoc|x86.Build.0 = Debug|Any CPU
		{93F51D48-FD0A-4CF2-802C-276FC67C8545}.AppStore|Any CPU.ActiveCfg = Debug|Any CPU
		{93F51D48-FD0A-4CF2-802C-276FC67C8545}.AppStore|Any CPU.Build.0 = Debug|Any CPU
		{93F51D48-FD0A-4CF2-802C-276FC67C8545}.AppStore|ARM.ActiveCfg = Debug|Any CPU
		{93F51D48-FD0A-4CF2-802C-276FC67C8545}.AppStore|ARM.Build.0 = Debug|Any CPU
		{93F51D48-FD0A-4CF2-802C-276FC67C8545}.AppStore|ARM64.ActiveCfg = Debug|Any CPU
		{93F51D48-FD0A-4CF2-802C-276FC67C8545}.AppStore|ARM64.Build.0 = Debug|Any CPU
		{93F51D48-FD0A-4CF2-802C-276FC67C8545}.AppStore|iPhone.ActiveCfg = Debug|Any CPU
		{93F51D48-FD0A-4CF2-802C-276FC67C8545}.AppStore|iPhone.Build.0 = Debug|Any CPU
		{93F51D48-FD0A-4CF2-802C-276FC67C8545}.AppStore|iPhoneSimulator.ActiveCfg = Debug|Any CPU
		{93F51D48-FD0A-4CF2-802C-276FC67C8545}.AppStore|iPhoneSimulator.Build.0 = Debug|Any CPU
		{93F51D48-FD0A-4CF2-802C-276FC67C8545}.AppStore|x64.ActiveCfg = Debug|Any CPU
		{93F51D48-FD0A-4CF2-802C-276FC67C8545}.AppStore|x64.Build.0 = Debug|Any CPU
		{93F51D48-FD0A-4CF2-802C-276FC67C8545}.AppStore|x86.ActiveCfg = Debug|Any CPU
		{93F51D48-FD0A-4CF2-802C-276FC67C8545}.AppStore|x86.Build.0 = Debug|Any CPU
		{93F51D48-FD0A-4CF2-802C-276FC67C8545}.Debug|Any CPU.ActiveCfg = Debug|Any CPU
		{93F51D48-FD0A-4CF2-802C-276FC67C8545}.Debug|Any CPU.Build.0 = Debug|Any CPU
		{93F51D48-FD0A-4CF2-802C-276FC67C8545}.Debug|ARM.ActiveCfg = Debug|Any CPU
		{93F51D48-FD0A-4CF2-802C-276FC67C8545}.Debug|ARM.Build.0 = Debug|Any CPU
		{93F51D48-FD0A-4CF2-802C-276FC67C8545}.Debug|ARM64.ActiveCfg = Debug|Any CPU
		{93F51D48-FD0A-4CF2-802C-276FC67C8545}.Debug|ARM64.Build.0 = Debug|Any CPU
		{93F51D48-FD0A-4CF2-802C-276FC67C8545}.Debug|iPhone.ActiveCfg = Debug|Any CPU
		{93F51D48-FD0A-4CF2-802C-276FC67C8545}.Debug|iPhone.Build.0 = Debug|Any CPU
		{93F51D48-FD0A-4CF2-802C-276FC67C8545}.Debug|iPhoneSimulator.ActiveCfg = Debug|Any CPU
		{93F51D48-FD0A-4CF2-802C-276FC67C8545}.Debug|iPhoneSimulator.Build.0 = Debug|Any CPU
		{93F51D48-FD0A-4CF2-802C-276FC67C8545}.Debug|x64.ActiveCfg = Debug|Any CPU
		{93F51D48-FD0A-4CF2-802C-276FC67C8545}.Debug|x64.Build.0 = Debug|Any CPU
		{93F51D48-FD0A-4CF2-802C-276FC67C8545}.Debug|x86.ActiveCfg = Debug|Any CPU
		{93F51D48-FD0A-4CF2-802C-276FC67C8545}.Debug|x86.Build.0 = Debug|Any CPU
		{93F51D48-FD0A-4CF2-802C-276FC67C8545}.Release|Any CPU.ActiveCfg = Release|Any CPU
		{93F51D48-FD0A-4CF2-802C-276FC67C8545}.Release|Any CPU.Build.0 = Release|Any CPU
		{93F51D48-FD0A-4CF2-802C-276FC67C8545}.Release|ARM.ActiveCfg = Release|Any CPU
		{93F51D48-FD0A-4CF2-802C-276FC67C8545}.Release|ARM.Build.0 = Release|Any CPU
		{93F51D48-FD0A-4CF2-802C-276FC67C8545}.Release|ARM64.ActiveCfg = Release|Any CPU
		{93F51D48-FD0A-4CF2-802C-276FC67C8545}.Release|ARM64.Build.0 = Release|Any CPU
		{93F51D48-FD0A-4CF2-802C-276FC67C8545}.Release|iPhone.ActiveCfg = Release|Any CPU
		{93F51D48-FD0A-4CF2-802C-276FC67C8545}.Release|iPhone.Build.0 = Release|Any CPU
		{93F51D48-FD0A-4CF2-802C-276FC67C8545}.Release|iPhoneSimulator.ActiveCfg = Release|Any CPU
		{93F51D48-FD0A-4CF2-802C-276FC67C8545}.Release|iPhoneSimulator.Build.0 = Release|Any CPU
		{93F51D48-FD0A-4CF2-802C-276FC67C8545}.Release|x64.ActiveCfg = Release|Any CPU
		{93F51D48-FD0A-4CF2-802C-276FC67C8545}.Release|x64.Build.0 = Release|Any CPU
		{93F51D48-FD0A-4CF2-802C-276FC67C8545}.Release|x86.ActiveCfg = Release|Any CPU
		{93F51D48-FD0A-4CF2-802C-276FC67C8545}.Release|x86.Build.0 = Release|Any CPU
		{A19FB45B-D99B-4801-A8EB-EDDF7976F95C}.Ad-Hoc|Any CPU.ActiveCfg = Debug|iPhoneSimulator
		{A19FB45B-D99B-4801-A8EB-EDDF7976F95C}.Ad-Hoc|Any CPU.Build.0 = Debug|iPhoneSimulator
		{A19FB45B-D99B-4801-A8EB-EDDF7976F95C}.Ad-Hoc|ARM.ActiveCfg = Debug|iPhoneSimulator
		{A19FB45B-D99B-4801-A8EB-EDDF7976F95C}.Ad-Hoc|ARM.Build.0 = Debug|iPhoneSimulator
		{A19FB45B-D99B-4801-A8EB-EDDF7976F95C}.Ad-Hoc|ARM64.ActiveCfg = Debug|iPhoneSimulator
		{A19FB45B-D99B-4801-A8EB-EDDF7976F95C}.Ad-Hoc|ARM64.Build.0 = Debug|iPhoneSimulator
		{A19FB45B-D99B-4801-A8EB-EDDF7976F95C}.Ad-Hoc|iPhone.ActiveCfg = Debug|iPhoneSimulator
		{A19FB45B-D99B-4801-A8EB-EDDF7976F95C}.Ad-Hoc|iPhone.Build.0 = Debug|iPhoneSimulator
		{A19FB45B-D99B-4801-A8EB-EDDF7976F95C}.Ad-Hoc|iPhoneSimulator.ActiveCfg = Debug|iPhoneSimulator
		{A19FB45B-D99B-4801-A8EB-EDDF7976F95C}.Ad-Hoc|iPhoneSimulator.Build.0 = Debug|iPhoneSimulator
		{A19FB45B-D99B-4801-A8EB-EDDF7976F95C}.Ad-Hoc|x64.ActiveCfg = Debug|iPhoneSimulator
		{A19FB45B-D99B-4801-A8EB-EDDF7976F95C}.Ad-Hoc|x64.Build.0 = Debug|iPhoneSimulator
		{A19FB45B-D99B-4801-A8EB-EDDF7976F95C}.Ad-Hoc|x86.ActiveCfg = Debug|iPhoneSimulator
		{A19FB45B-D99B-4801-A8EB-EDDF7976F95C}.Ad-Hoc|x86.Build.0 = Debug|iPhoneSimulator
		{A19FB45B-D99B-4801-A8EB-EDDF7976F95C}.AppStore|Any CPU.ActiveCfg = Debug|iPhoneSimulator
		{A19FB45B-D99B-4801-A8EB-EDDF7976F95C}.AppStore|Any CPU.Build.0 = Debug|iPhoneSimulator
		{A19FB45B-D99B-4801-A8EB-EDDF7976F95C}.AppStore|ARM.ActiveCfg = Debug|iPhoneSimulator
		{A19FB45B-D99B-4801-A8EB-EDDF7976F95C}.AppStore|ARM.Build.0 = Debug|iPhoneSimulator
		{A19FB45B-D99B-4801-A8EB-EDDF7976F95C}.AppStore|ARM64.ActiveCfg = Debug|iPhoneSimulator
		{A19FB45B-D99B-4801-A8EB-EDDF7976F95C}.AppStore|ARM64.Build.0 = Debug|iPhoneSimulator
		{A19FB45B-D99B-4801-A8EB-EDDF7976F95C}.AppStore|iPhone.ActiveCfg = Debug|iPhoneSimulator
		{A19FB45B-D99B-4801-A8EB-EDDF7976F95C}.AppStore|iPhone.Build.0 = Debug|iPhoneSimulator
		{A19FB45B-D99B-4801-A8EB-EDDF7976F95C}.AppStore|iPhoneSimulator.ActiveCfg = Debug|iPhoneSimulator
		{A19FB45B-D99B-4801-A8EB-EDDF7976F95C}.AppStore|iPhoneSimulator.Build.0 = Debug|iPhoneSimulator
		{A19FB45B-D99B-4801-A8EB-EDDF7976F95C}.AppStore|x64.ActiveCfg = Debug|iPhoneSimulator
		{A19FB45B-D99B-4801-A8EB-EDDF7976F95C}.AppStore|x64.Build.0 = Debug|iPhoneSimulator
		{A19FB45B-D99B-4801-A8EB-EDDF7976F95C}.AppStore|x86.ActiveCfg = Debug|iPhoneSimulator
		{A19FB45B-D99B-4801-A8EB-EDDF7976F95C}.AppStore|x86.Build.0 = Debug|iPhoneSimulator
		{A19FB45B-D99B-4801-A8EB-EDDF7976F95C}.Debug|Any CPU.ActiveCfg = Debug|iPhoneSimulator
		{A19FB45B-D99B-4801-A8EB-EDDF7976F95C}.Debug|ARM.ActiveCfg = Debug|iPhoneSimulator
		{A19FB45B-D99B-4801-A8EB-EDDF7976F95C}.Debug|ARM64.ActiveCfg = Debug|iPhoneSimulator
		{A19FB45B-D99B-4801-A8EB-EDDF7976F95C}.Debug|iPhone.ActiveCfg = Debug|iPhoneSimulator
		{A19FB45B-D99B-4801-A8EB-EDDF7976F95C}.Debug|iPhoneSimulator.ActiveCfg = Debug|iPhoneSimulator
		{A19FB45B-D99B-4801-A8EB-EDDF7976F95C}.Debug|iPhoneSimulator.Build.0 = Debug|iPhoneSimulator
		{A19FB45B-D99B-4801-A8EB-EDDF7976F95C}.Debug|x64.ActiveCfg = Debug|iPhoneSimulator
		{A19FB45B-D99B-4801-A8EB-EDDF7976F95C}.Debug|x86.ActiveCfg = Debug|iPhoneSimulator
		{A19FB45B-D99B-4801-A8EB-EDDF7976F95C}.Release|Any CPU.ActiveCfg = Release|iPhoneSimulator
		{A19FB45B-D99B-4801-A8EB-EDDF7976F95C}.Release|ARM.ActiveCfg = Release|iPhoneSimulator
		{A19FB45B-D99B-4801-A8EB-EDDF7976F95C}.Release|ARM64.ActiveCfg = Release|iPhoneSimulator
		{A19FB45B-D99B-4801-A8EB-EDDF7976F95C}.Release|iPhone.ActiveCfg = Release|iPhoneSimulator
		{A19FB45B-D99B-4801-A8EB-EDDF7976F95C}.Release|iPhoneSimulator.ActiveCfg = Release|iPhoneSimulator
		{A19FB45B-D99B-4801-A8EB-EDDF7976F95C}.Release|iPhoneSimulator.Build.0 = Release|iPhoneSimulator
		{A19FB45B-D99B-4801-A8EB-EDDF7976F95C}.Release|x64.ActiveCfg = Release|iPhoneSimulator
		{A19FB45B-D99B-4801-A8EB-EDDF7976F95C}.Release|x86.ActiveCfg = Release|iPhoneSimulator
		{48E72FD0-4EB6-4F65-AEF8-E38AAA3B0619}.Ad-Hoc|Any CPU.ActiveCfg = Debug|Any CPU
		{48E72FD0-4EB6-4F65-AEF8-E38AAA3B0619}.Ad-Hoc|Any CPU.Build.0 = Debug|Any CPU
		{48E72FD0-4EB6-4F65-AEF8-E38AAA3B0619}.Ad-Hoc|ARM.ActiveCfg = Debug|Any CPU
		{48E72FD0-4EB6-4F65-AEF8-E38AAA3B0619}.Ad-Hoc|ARM.Build.0 = Debug|Any CPU
		{48E72FD0-4EB6-4F65-AEF8-E38AAA3B0619}.Ad-Hoc|ARM64.ActiveCfg = Debug|Any CPU
		{48E72FD0-4EB6-4F65-AEF8-E38AAA3B0619}.Ad-Hoc|ARM64.Build.0 = Debug|Any CPU
		{48E72FD0-4EB6-4F65-AEF8-E38AAA3B0619}.Ad-Hoc|iPhone.ActiveCfg = Debug|Any CPU
		{48E72FD0-4EB6-4F65-AEF8-E38AAA3B0619}.Ad-Hoc|iPhone.Build.0 = Debug|Any CPU
		{48E72FD0-4EB6-4F65-AEF8-E38AAA3B0619}.Ad-Hoc|iPhoneSimulator.ActiveCfg = Debug|Any CPU
		{48E72FD0-4EB6-4F65-AEF8-E38AAA3B0619}.Ad-Hoc|iPhoneSimulator.Build.0 = Debug|Any CPU
		{48E72FD0-4EB6-4F65-AEF8-E38AAA3B0619}.Ad-Hoc|x64.ActiveCfg = Debug|Any CPU
		{48E72FD0-4EB6-4F65-AEF8-E38AAA3B0619}.Ad-Hoc|x64.Build.0 = Debug|Any CPU
		{48E72FD0-4EB6-4F65-AEF8-E38AAA3B0619}.Ad-Hoc|x86.ActiveCfg = Debug|Any CPU
		{48E72FD0-4EB6-4F65-AEF8-E38AAA3B0619}.Ad-Hoc|x86.Build.0 = Debug|Any CPU
		{48E72FD0-4EB6-4F65-AEF8-E38AAA3B0619}.AppStore|Any CPU.ActiveCfg = Debug|Any CPU
		{48E72FD0-4EB6-4F65-AEF8-E38AAA3B0619}.AppStore|Any CPU.Build.0 = Debug|Any CPU
		{48E72FD0-4EB6-4F65-AEF8-E38AAA3B0619}.AppStore|ARM.ActiveCfg = Debug|Any CPU
		{48E72FD0-4EB6-4F65-AEF8-E38AAA3B0619}.AppStore|ARM.Build.0 = Debug|Any CPU
		{48E72FD0-4EB6-4F65-AEF8-E38AAA3B0619}.AppStore|ARM64.ActiveCfg = Debug|Any CPU
		{48E72FD0-4EB6-4F65-AEF8-E38AAA3B0619}.AppStore|ARM64.Build.0 = Debug|Any CPU
		{48E72FD0-4EB6-4F65-AEF8-E38AAA3B0619}.AppStore|iPhone.ActiveCfg = Debug|Any CPU
		{48E72FD0-4EB6-4F65-AEF8-E38AAA3B0619}.AppStore|iPhone.Build.0 = Debug|Any CPU
		{48E72FD0-4EB6-4F65-AEF8-E38AAA3B0619}.AppStore|iPhoneSimulator.ActiveCfg = Debug|Any CPU
		{48E72FD0-4EB6-4F65-AEF8-E38AAA3B0619}.AppStore|iPhoneSimulator.Build.0 = Debug|Any CPU
		{48E72FD0-4EB6-4F65-AEF8-E38AAA3B0619}.AppStore|x64.ActiveCfg = Debug|Any CPU
		{48E72FD0-4EB6-4F65-AEF8-E38AAA3B0619}.AppStore|x64.Build.0 = Debug|Any CPU
		{48E72FD0-4EB6-4F65-AEF8-E38AAA3B0619}.AppStore|x86.ActiveCfg = Debug|Any CPU
		{48E72FD0-4EB6-4F65-AEF8-E38AAA3B0619}.AppStore|x86.Build.0 = Debug|Any CPU
		{48E72FD0-4EB6-4F65-AEF8-E38AAA3B0619}.Debug|Any CPU.ActiveCfg = Debug|Any CPU
		{48E72FD0-4EB6-4F65-AEF8-E38AAA3B0619}.Debug|Any CPU.Build.0 = Debug|Any CPU
		{48E72FD0-4EB6-4F65-AEF8-E38AAA3B0619}.Debug|ARM.ActiveCfg = Debug|Any CPU
		{48E72FD0-4EB6-4F65-AEF8-E38AAA3B0619}.Debug|ARM.Build.0 = Debug|Any CPU
		{48E72FD0-4EB6-4F65-AEF8-E38AAA3B0619}.Debug|ARM64.ActiveCfg = Debug|Any CPU
		{48E72FD0-4EB6-4F65-AEF8-E38AAA3B0619}.Debug|ARM64.Build.0 = Debug|Any CPU
		{48E72FD0-4EB6-4F65-AEF8-E38AAA3B0619}.Debug|iPhone.ActiveCfg = Debug|Any CPU
		{48E72FD0-4EB6-4F65-AEF8-E38AAA3B0619}.Debug|iPhone.Build.0 = Debug|Any CPU
		{48E72FD0-4EB6-4F65-AEF8-E38AAA3B0619}.Debug|iPhoneSimulator.ActiveCfg = Debug|Any CPU
		{48E72FD0-4EB6-4F65-AEF8-E38AAA3B0619}.Debug|iPhoneSimulator.Build.0 = Debug|Any CPU
		{48E72FD0-4EB6-4F65-AEF8-E38AAA3B0619}.Debug|x64.ActiveCfg = Debug|Any CPU
		{48E72FD0-4EB6-4F65-AEF8-E38AAA3B0619}.Debug|x64.Build.0 = Debug|Any CPU
		{48E72FD0-4EB6-4F65-AEF8-E38AAA3B0619}.Debug|x86.ActiveCfg = Debug|Any CPU
		{48E72FD0-4EB6-4F65-AEF8-E38AAA3B0619}.Debug|x86.Build.0 = Debug|Any CPU
		{48E72FD0-4EB6-4F65-AEF8-E38AAA3B0619}.Release|Any CPU.ActiveCfg = Release|Any CPU
		{48E72FD0-4EB6-4F65-AEF8-E38AAA3B0619}.Release|Any CPU.Build.0 = Release|Any CPU
		{48E72FD0-4EB6-4F65-AEF8-E38AAA3B0619}.Release|ARM.ActiveCfg = Release|Any CPU
		{48E72FD0-4EB6-4F65-AEF8-E38AAA3B0619}.Release|ARM.Build.0 = Release|Any CPU
		{48E72FD0-4EB6-4F65-AEF8-E38AAA3B0619}.Release|ARM64.ActiveCfg = Release|Any CPU
		{48E72FD0-4EB6-4F65-AEF8-E38AAA3B0619}.Release|ARM64.Build.0 = Release|Any CPU
		{48E72FD0-4EB6-4F65-AEF8-E38AAA3B0619}.Release|iPhone.ActiveCfg = Release|Any CPU
		{48E72FD0-4EB6-4F65-AEF8-E38AAA3B0619}.Release|iPhone.Build.0 = Release|Any CPU
		{48E72FD0-4EB6-4F65-AEF8-E38AAA3B0619}.Release|iPhoneSimulator.ActiveCfg = Release|Any CPU
		{48E72FD0-4EB6-4F65-AEF8-E38AAA3B0619}.Release|iPhoneSimulator.Build.0 = Release|Any CPU
		{48E72FD0-4EB6-4F65-AEF8-E38AAA3B0619}.Release|x64.ActiveCfg = Release|Any CPU
		{48E72FD0-4EB6-4F65-AEF8-E38AAA3B0619}.Release|x64.Build.0 = Release|Any CPU
		{48E72FD0-4EB6-4F65-AEF8-E38AAA3B0619}.Release|x86.ActiveCfg = Release|Any CPU
		{48E72FD0-4EB6-4F65-AEF8-E38AAA3B0619}.Release|x86.Build.0 = Release|Any CPU
		{2BE559C1-A031-42FE-9C24-35712D2D9C54}.Ad-Hoc|Any CPU.ActiveCfg = Debug|Any CPU
		{2BE559C1-A031-42FE-9C24-35712D2D9C54}.Ad-Hoc|Any CPU.Build.0 = Debug|Any CPU
		{2BE559C1-A031-42FE-9C24-35712D2D9C54}.Ad-Hoc|ARM.ActiveCfg = Debug|Any CPU
		{2BE559C1-A031-42FE-9C24-35712D2D9C54}.Ad-Hoc|ARM.Build.0 = Debug|Any CPU
		{2BE559C1-A031-42FE-9C24-35712D2D9C54}.Ad-Hoc|ARM64.ActiveCfg = Debug|Any CPU
		{2BE559C1-A031-42FE-9C24-35712D2D9C54}.Ad-Hoc|ARM64.Build.0 = Debug|Any CPU
		{2BE559C1-A031-42FE-9C24-35712D2D9C54}.Ad-Hoc|iPhone.ActiveCfg = Debug|Any CPU
		{2BE559C1-A031-42FE-9C24-35712D2D9C54}.Ad-Hoc|iPhone.Build.0 = Debug|Any CPU
		{2BE559C1-A031-42FE-9C24-35712D2D9C54}.Ad-Hoc|iPhoneSimulator.ActiveCfg = Debug|Any CPU
		{2BE559C1-A031-42FE-9C24-35712D2D9C54}.Ad-Hoc|iPhoneSimulator.Build.0 = Debug|Any CPU
		{2BE559C1-A031-42FE-9C24-35712D2D9C54}.Ad-Hoc|x64.ActiveCfg = Debug|Any CPU
		{2BE559C1-A031-42FE-9C24-35712D2D9C54}.Ad-Hoc|x64.Build.0 = Debug|Any CPU
		{2BE559C1-A031-42FE-9C24-35712D2D9C54}.Ad-Hoc|x86.ActiveCfg = Debug|Any CPU
		{2BE559C1-A031-42FE-9C24-35712D2D9C54}.Ad-Hoc|x86.Build.0 = Debug|Any CPU
		{2BE559C1-A031-42FE-9C24-35712D2D9C54}.AppStore|Any CPU.ActiveCfg = Debug|Any CPU
		{2BE559C1-A031-42FE-9C24-35712D2D9C54}.AppStore|Any CPU.Build.0 = Debug|Any CPU
		{2BE559C1-A031-42FE-9C24-35712D2D9C54}.AppStore|ARM.ActiveCfg = Debug|Any CPU
		{2BE559C1-A031-42FE-9C24-35712D2D9C54}.AppStore|ARM.Build.0 = Debug|Any CPU
		{2BE559C1-A031-42FE-9C24-35712D2D9C54}.AppStore|ARM64.ActiveCfg = Debug|Any CPU
		{2BE559C1-A031-42FE-9C24-35712D2D9C54}.AppStore|ARM64.Build.0 = Debug|Any CPU
		{2BE559C1-A031-42FE-9C24-35712D2D9C54}.AppStore|iPhone.ActiveCfg = Debug|Any CPU
		{2BE559C1-A031-42FE-9C24-35712D2D9C54}.AppStore|iPhone.Build.0 = Debug|Any CPU
		{2BE559C1-A031-42FE-9C24-35712D2D9C54}.AppStore|iPhoneSimulator.ActiveCfg = Debug|Any CPU
		{2BE559C1-A031-42FE-9C24-35712D2D9C54}.AppStore|iPhoneSimulator.Build.0 = Debug|Any CPU
		{2BE559C1-A031-42FE-9C24-35712D2D9C54}.AppStore|x64.ActiveCfg = Debug|Any CPU
		{2BE559C1-A031-42FE-9C24-35712D2D9C54}.AppStore|x64.Build.0 = Debug|Any CPU
		{2BE559C1-A031-42FE-9C24-35712D2D9C54}.AppStore|x86.ActiveCfg = Debug|Any CPU
		{2BE559C1-A031-42FE-9C24-35712D2D9C54}.AppStore|x86.Build.0 = Debug|Any CPU
		{2BE559C1-A031-42FE-9C24-35712D2D9C54}.Debug|Any CPU.ActiveCfg = Debug|Any CPU
		{2BE559C1-A031-42FE-9C24-35712D2D9C54}.Debug|Any CPU.Build.0 = Debug|Any CPU
		{2BE559C1-A031-42FE-9C24-35712D2D9C54}.Debug|ARM.ActiveCfg = Debug|Any CPU
		{2BE559C1-A031-42FE-9C24-35712D2D9C54}.Debug|ARM.Build.0 = Debug|Any CPU
		{2BE559C1-A031-42FE-9C24-35712D2D9C54}.Debug|ARM64.ActiveCfg = Debug|Any CPU
		{2BE559C1-A031-42FE-9C24-35712D2D9C54}.Debug|ARM64.Build.0 = Debug|Any CPU
		{2BE559C1-A031-42FE-9C24-35712D2D9C54}.Debug|iPhone.ActiveCfg = Debug|Any CPU
		{2BE559C1-A031-42FE-9C24-35712D2D9C54}.Debug|iPhone.Build.0 = Debug|Any CPU
		{2BE559C1-A031-42FE-9C24-35712D2D9C54}.Debug|iPhoneSimulator.ActiveCfg = Debug|Any CPU
		{2BE559C1-A031-42FE-9C24-35712D2D9C54}.Debug|iPhoneSimulator.Build.0 = Debug|Any CPU
		{2BE559C1-A031-42FE-9C24-35712D2D9C54}.Debug|x64.ActiveCfg = Debug|Any CPU
		{2BE559C1-A031-42FE-9C24-35712D2D9C54}.Debug|x64.Build.0 = Debug|Any CPU
		{2BE559C1-A031-42FE-9C24-35712D2D9C54}.Debug|x86.ActiveCfg = Debug|Any CPU
		{2BE559C1-A031-42FE-9C24-35712D2D9C54}.Debug|x86.Build.0 = Debug|Any CPU
		{2BE559C1-A031-42FE-9C24-35712D2D9C54}.Release|Any CPU.ActiveCfg = Release|Any CPU
		{2BE559C1-A031-42FE-9C24-35712D2D9C54}.Release|Any CPU.Build.0 = Release|Any CPU
		{2BE559C1-A031-42FE-9C24-35712D2D9C54}.Release|ARM.ActiveCfg = Release|Any CPU
		{2BE559C1-A031-42FE-9C24-35712D2D9C54}.Release|ARM.Build.0 = Release|Any CPU
		{2BE559C1-A031-42FE-9C24-35712D2D9C54}.Release|ARM64.ActiveCfg = Release|Any CPU
		{2BE559C1-A031-42FE-9C24-35712D2D9C54}.Release|ARM64.Build.0 = Release|Any CPU
		{2BE559C1-A031-42FE-9C24-35712D2D9C54}.Release|iPhone.ActiveCfg = Release|Any CPU
		{2BE559C1-A031-42FE-9C24-35712D2D9C54}.Release|iPhone.Build.0 = Release|Any CPU
		{2BE559C1-A031-42FE-9C24-35712D2D9C54}.Release|iPhoneSimulator.ActiveCfg = Release|Any CPU
		{2BE559C1-A031-42FE-9C24-35712D2D9C54}.Release|iPhoneSimulator.Build.0 = Release|Any CPU
		{2BE559C1-A031-42FE-9C24-35712D2D9C54}.Release|x64.ActiveCfg = Release|Any CPU
		{2BE559C1-A031-42FE-9C24-35712D2D9C54}.Release|x64.Build.0 = Release|Any CPU
		{2BE559C1-A031-42FE-9C24-35712D2D9C54}.Release|x86.ActiveCfg = Release|Any CPU
		{2BE559C1-A031-42FE-9C24-35712D2D9C54}.Release|x86.Build.0 = Release|Any CPU
		{A1DFE6ED-2638-4C0F-947F-F1B3515BDEE5}.Ad-Hoc|Any CPU.ActiveCfg = Debug|Any CPU
		{A1DFE6ED-2638-4C0F-947F-F1B3515BDEE5}.Ad-Hoc|Any CPU.Build.0 = Debug|Any CPU
		{A1DFE6ED-2638-4C0F-947F-F1B3515BDEE5}.Ad-Hoc|ARM.ActiveCfg = Debug|Any CPU
		{A1DFE6ED-2638-4C0F-947F-F1B3515BDEE5}.Ad-Hoc|ARM.Build.0 = Debug|Any CPU
		{A1DFE6ED-2638-4C0F-947F-F1B3515BDEE5}.Ad-Hoc|ARM64.ActiveCfg = Debug|Any CPU
		{A1DFE6ED-2638-4C0F-947F-F1B3515BDEE5}.Ad-Hoc|ARM64.Build.0 = Debug|Any CPU
		{A1DFE6ED-2638-4C0F-947F-F1B3515BDEE5}.Ad-Hoc|iPhone.ActiveCfg = Debug|Any CPU
		{A1DFE6ED-2638-4C0F-947F-F1B3515BDEE5}.Ad-Hoc|iPhone.Build.0 = Debug|Any CPU
		{A1DFE6ED-2638-4C0F-947F-F1B3515BDEE5}.Ad-Hoc|iPhoneSimulator.ActiveCfg = Debug|Any CPU
		{A1DFE6ED-2638-4C0F-947F-F1B3515BDEE5}.Ad-Hoc|iPhoneSimulator.Build.0 = Debug|Any CPU
		{A1DFE6ED-2638-4C0F-947F-F1B3515BDEE5}.Ad-Hoc|x64.ActiveCfg = Debug|Any CPU
		{A1DFE6ED-2638-4C0F-947F-F1B3515BDEE5}.Ad-Hoc|x64.Build.0 = Debug|Any CPU
		{A1DFE6ED-2638-4C0F-947F-F1B3515BDEE5}.Ad-Hoc|x86.ActiveCfg = Debug|Any CPU
		{A1DFE6ED-2638-4C0F-947F-F1B3515BDEE5}.Ad-Hoc|x86.Build.0 = Debug|Any CPU
		{A1DFE6ED-2638-4C0F-947F-F1B3515BDEE5}.AppStore|Any CPU.ActiveCfg = Debug|Any CPU
		{A1DFE6ED-2638-4C0F-947F-F1B3515BDEE5}.AppStore|Any CPU.Build.0 = Debug|Any CPU
		{A1DFE6ED-2638-4C0F-947F-F1B3515BDEE5}.AppStore|ARM.ActiveCfg = Debug|Any CPU
		{A1DFE6ED-2638-4C0F-947F-F1B3515BDEE5}.AppStore|ARM.Build.0 = Debug|Any CPU
		{A1DFE6ED-2638-4C0F-947F-F1B3515BDEE5}.AppStore|ARM64.ActiveCfg = Debug|Any CPU
		{A1DFE6ED-2638-4C0F-947F-F1B3515BDEE5}.AppStore|ARM64.Build.0 = Debug|Any CPU
		{A1DFE6ED-2638-4C0F-947F-F1B3515BDEE5}.AppStore|iPhone.ActiveCfg = Debug|Any CPU
		{A1DFE6ED-2638-4C0F-947F-F1B3515BDEE5}.AppStore|iPhone.Build.0 = Debug|Any CPU
		{A1DFE6ED-2638-4C0F-947F-F1B3515BDEE5}.AppStore|iPhoneSimulator.ActiveCfg = Debug|Any CPU
		{A1DFE6ED-2638-4C0F-947F-F1B3515BDEE5}.AppStore|iPhoneSimulator.Build.0 = Debug|Any CPU
		{A1DFE6ED-2638-4C0F-947F-F1B3515BDEE5}.AppStore|x64.ActiveCfg = Debug|Any CPU
		{A1DFE6ED-2638-4C0F-947F-F1B3515BDEE5}.AppStore|x64.Build.0 = Debug|Any CPU
		{A1DFE6ED-2638-4C0F-947F-F1B3515BDEE5}.AppStore|x86.ActiveCfg = Debug|Any CPU
		{A1DFE6ED-2638-4C0F-947F-F1B3515BDEE5}.AppStore|x86.Build.0 = Debug|Any CPU
		{A1DFE6ED-2638-4C0F-947F-F1B3515BDEE5}.Debug|Any CPU.ActiveCfg = Debug|Any CPU
		{A1DFE6ED-2638-4C0F-947F-F1B3515BDEE5}.Debug|Any CPU.Build.0 = Debug|Any CPU
		{A1DFE6ED-2638-4C0F-947F-F1B3515BDEE5}.Debug|ARM.ActiveCfg = Debug|Any CPU
		{A1DFE6ED-2638-4C0F-947F-F1B3515BDEE5}.Debug|ARM.Build.0 = Debug|Any CPU
		{A1DFE6ED-2638-4C0F-947F-F1B3515BDEE5}.Debug|ARM64.ActiveCfg = Debug|Any CPU
		{A1DFE6ED-2638-4C0F-947F-F1B3515BDEE5}.Debug|ARM64.Build.0 = Debug|Any CPU
		{A1DFE6ED-2638-4C0F-947F-F1B3515BDEE5}.Debug|iPhone.ActiveCfg = Debug|Any CPU
		{A1DFE6ED-2638-4C0F-947F-F1B3515BDEE5}.Debug|iPhone.Build.0 = Debug|Any CPU
		{A1DFE6ED-2638-4C0F-947F-F1B3515BDEE5}.Debug|iPhoneSimulator.ActiveCfg = Debug|Any CPU
		{A1DFE6ED-2638-4C0F-947F-F1B3515BDEE5}.Debug|iPhoneSimulator.Build.0 = Debug|Any CPU
		{A1DFE6ED-2638-4C0F-947F-F1B3515BDEE5}.Debug|x64.ActiveCfg = Debug|Any CPU
		{A1DFE6ED-2638-4C0F-947F-F1B3515BDEE5}.Debug|x64.Build.0 = Debug|Any CPU
		{A1DFE6ED-2638-4C0F-947F-F1B3515BDEE5}.Debug|x86.ActiveCfg = Debug|Any CPU
		{A1DFE6ED-2638-4C0F-947F-F1B3515BDEE5}.Debug|x86.Build.0 = Debug|Any CPU
		{A1DFE6ED-2638-4C0F-947F-F1B3515BDEE5}.Release|Any CPU.ActiveCfg = Release|Any CPU
		{A1DFE6ED-2638-4C0F-947F-F1B3515BDEE5}.Release|Any CPU.Build.0 = Release|Any CPU
		{A1DFE6ED-2638-4C0F-947F-F1B3515BDEE5}.Release|ARM.ActiveCfg = Release|Any CPU
		{A1DFE6ED-2638-4C0F-947F-F1B3515BDEE5}.Release|ARM.Build.0 = Release|Any CPU
		{A1DFE6ED-2638-4C0F-947F-F1B3515BDEE5}.Release|ARM64.ActiveCfg = Release|Any CPU
		{A1DFE6ED-2638-4C0F-947F-F1B3515BDEE5}.Release|ARM64.Build.0 = Release|Any CPU
		{A1DFE6ED-2638-4C0F-947F-F1B3515BDEE5}.Release|iPhone.ActiveCfg = Release|Any CPU
		{A1DFE6ED-2638-4C0F-947F-F1B3515BDEE5}.Release|iPhone.Build.0 = Release|Any CPU
		{A1DFE6ED-2638-4C0F-947F-F1B3515BDEE5}.Release|iPhoneSimulator.ActiveCfg = Release|Any CPU
		{A1DFE6ED-2638-4C0F-947F-F1B3515BDEE5}.Release|iPhoneSimulator.Build.0 = Release|Any CPU
		{A1DFE6ED-2638-4C0F-947F-F1B3515BDEE5}.Release|x64.ActiveCfg = Release|Any CPU
		{A1DFE6ED-2638-4C0F-947F-F1B3515BDEE5}.Release|x64.Build.0 = Release|Any CPU
		{A1DFE6ED-2638-4C0F-947F-F1B3515BDEE5}.Release|x86.ActiveCfg = Release|Any CPU
		{A1DFE6ED-2638-4C0F-947F-F1B3515BDEE5}.Release|x86.Build.0 = Release|Any CPU
		{1F7A0DB0-661D-4DA5-93BE-E3E6E4391614}.Ad-Hoc|Any CPU.ActiveCfg = Debug|Any CPU
		{1F7A0DB0-661D-4DA5-93BE-E3E6E4391614}.Ad-Hoc|Any CPU.Build.0 = Debug|Any CPU
		{1F7A0DB0-661D-4DA5-93BE-E3E6E4391614}.Ad-Hoc|ARM.ActiveCfg = Debug|Any CPU
		{1F7A0DB0-661D-4DA5-93BE-E3E6E4391614}.Ad-Hoc|ARM.Build.0 = Debug|Any CPU
		{1F7A0DB0-661D-4DA5-93BE-E3E6E4391614}.Ad-Hoc|ARM64.ActiveCfg = Debug|Any CPU
		{1F7A0DB0-661D-4DA5-93BE-E3E6E4391614}.Ad-Hoc|ARM64.Build.0 = Debug|Any CPU
		{1F7A0DB0-661D-4DA5-93BE-E3E6E4391614}.Ad-Hoc|iPhone.ActiveCfg = Debug|Any CPU
		{1F7A0DB0-661D-4DA5-93BE-E3E6E4391614}.Ad-Hoc|iPhone.Build.0 = Debug|Any CPU
		{1F7A0DB0-661D-4DA5-93BE-E3E6E4391614}.Ad-Hoc|iPhoneSimulator.ActiveCfg = Debug|Any CPU
		{1F7A0DB0-661D-4DA5-93BE-E3E6E4391614}.Ad-Hoc|iPhoneSimulator.Build.0 = Debug|Any CPU
		{1F7A0DB0-661D-4DA5-93BE-E3E6E4391614}.Ad-Hoc|x64.ActiveCfg = Debug|Any CPU
		{1F7A0DB0-661D-4DA5-93BE-E3E6E4391614}.Ad-Hoc|x64.Build.0 = Debug|Any CPU
		{1F7A0DB0-661D-4DA5-93BE-E3E6E4391614}.Ad-Hoc|x86.ActiveCfg = Debug|Any CPU
		{1F7A0DB0-661D-4DA5-93BE-E3E6E4391614}.Ad-Hoc|x86.Build.0 = Debug|Any CPU
		{1F7A0DB0-661D-4DA5-93BE-E3E6E4391614}.AppStore|Any CPU.ActiveCfg = Debug|Any CPU
		{1F7A0DB0-661D-4DA5-93BE-E3E6E4391614}.AppStore|Any CPU.Build.0 = Debug|Any CPU
		{1F7A0DB0-661D-4DA5-93BE-E3E6E4391614}.AppStore|ARM.ActiveCfg = Debug|Any CPU
		{1F7A0DB0-661D-4DA5-93BE-E3E6E4391614}.AppStore|ARM.Build.0 = Debug|Any CPU
		{1F7A0DB0-661D-4DA5-93BE-E3E6E4391614}.AppStore|ARM64.ActiveCfg = Debug|Any CPU
		{1F7A0DB0-661D-4DA5-93BE-E3E6E4391614}.AppStore|ARM64.Build.0 = Debug|Any CPU
		{1F7A0DB0-661D-4DA5-93BE-E3E6E4391614}.AppStore|iPhone.ActiveCfg = Debug|Any CPU
		{1F7A0DB0-661D-4DA5-93BE-E3E6E4391614}.AppStore|iPhone.Build.0 = Debug|Any CPU
		{1F7A0DB0-661D-4DA5-93BE-E3E6E4391614}.AppStore|iPhoneSimulator.ActiveCfg = Debug|Any CPU
		{1F7A0DB0-661D-4DA5-93BE-E3E6E4391614}.AppStore|iPhoneSimulator.Build.0 = Debug|Any CPU
		{1F7A0DB0-661D-4DA5-93BE-E3E6E4391614}.AppStore|x64.ActiveCfg = Debug|Any CPU
		{1F7A0DB0-661D-4DA5-93BE-E3E6E4391614}.AppStore|x64.Build.0 = Debug|Any CPU
		{1F7A0DB0-661D-4DA5-93BE-E3E6E4391614}.AppStore|x86.ActiveCfg = Debug|Any CPU
		{1F7A0DB0-661D-4DA5-93BE-E3E6E4391614}.AppStore|x86.Build.0 = Debug|Any CPU
		{1F7A0DB0-661D-4DA5-93BE-E3E6E4391614}.Debug|Any CPU.ActiveCfg = Debug|Any CPU
		{1F7A0DB0-661D-4DA5-93BE-E3E6E4391614}.Debug|Any CPU.Build.0 = Debug|Any CPU
		{1F7A0DB0-661D-4DA5-93BE-E3E6E4391614}.Debug|ARM.ActiveCfg = Debug|Any CPU
		{1F7A0DB0-661D-4DA5-93BE-E3E6E4391614}.Debug|ARM.Build.0 = Debug|Any CPU
		{1F7A0DB0-661D-4DA5-93BE-E3E6E4391614}.Debug|ARM64.ActiveCfg = Debug|Any CPU
		{1F7A0DB0-661D-4DA5-93BE-E3E6E4391614}.Debug|ARM64.Build.0 = Debug|Any CPU
		{1F7A0DB0-661D-4DA5-93BE-E3E6E4391614}.Debug|iPhone.ActiveCfg = Debug|Any CPU
		{1F7A0DB0-661D-4DA5-93BE-E3E6E4391614}.Debug|iPhone.Build.0 = Debug|Any CPU
		{1F7A0DB0-661D-4DA5-93BE-E3E6E4391614}.Debug|iPhoneSimulator.ActiveCfg = Debug|Any CPU
		{1F7A0DB0-661D-4DA5-93BE-E3E6E4391614}.Debug|iPhoneSimulator.Build.0 = Debug|Any CPU
		{1F7A0DB0-661D-4DA5-93BE-E3E6E4391614}.Debug|x64.ActiveCfg = Debug|Any CPU
		{1F7A0DB0-661D-4DA5-93BE-E3E6E4391614}.Debug|x64.Build.0 = Debug|Any CPU
		{1F7A0DB0-661D-4DA5-93BE-E3E6E4391614}.Debug|x86.ActiveCfg = Debug|Any CPU
		{1F7A0DB0-661D-4DA5-93BE-E3E6E4391614}.Debug|x86.Build.0 = Debug|Any CPU
		{1F7A0DB0-661D-4DA5-93BE-E3E6E4391614}.Release|Any CPU.ActiveCfg = Release|Any CPU
		{1F7A0DB0-661D-4DA5-93BE-E3E6E4391614}.Release|Any CPU.Build.0 = Release|Any CPU
		{1F7A0DB0-661D-4DA5-93BE-E3E6E4391614}.Release|ARM.ActiveCfg = Release|Any CPU
		{1F7A0DB0-661D-4DA5-93BE-E3E6E4391614}.Release|ARM.Build.0 = Release|Any CPU
		{1F7A0DB0-661D-4DA5-93BE-E3E6E4391614}.Release|ARM64.ActiveCfg = Release|Any CPU
		{1F7A0DB0-661D-4DA5-93BE-E3E6E4391614}.Release|ARM64.Build.0 = Release|Any CPU
		{1F7A0DB0-661D-4DA5-93BE-E3E6E4391614}.Release|iPhone.ActiveCfg = Release|Any CPU
		{1F7A0DB0-661D-4DA5-93BE-E3E6E4391614}.Release|iPhone.Build.0 = Release|Any CPU
		{1F7A0DB0-661D-4DA5-93BE-E3E6E4391614}.Release|iPhoneSimulator.ActiveCfg = Release|Any CPU
		{1F7A0DB0-661D-4DA5-93BE-E3E6E4391614}.Release|iPhoneSimulator.Build.0 = Release|Any CPU
		{1F7A0DB0-661D-4DA5-93BE-E3E6E4391614}.Release|x64.ActiveCfg = Release|Any CPU
		{1F7A0DB0-661D-4DA5-93BE-E3E6E4391614}.Release|x64.Build.0 = Release|Any CPU
		{1F7A0DB0-661D-4DA5-93BE-E3E6E4391614}.Release|x86.ActiveCfg = Release|Any CPU
		{1F7A0DB0-661D-4DA5-93BE-E3E6E4391614}.Release|x86.Build.0 = Release|Any CPU
	EndGlobalSection
	GlobalSection(SolutionProperties) = preSolution
		HideSolutionNode = FALSE
	EndGlobalSection
	GlobalSection(NestedProjects) = preSolution
		{76545790-8915-4E12-AFC2-B722AFE7B673} = {311AF725-A54A-411C-A924-244D0901360E}
		{26BDC534-B5BA-4FAB-BF27-62EB74969E6E} = {311AF725-A54A-411C-A924-244D0901360E}
		{8EC249EE-8874-4043-8A8F-73047C20D8D3} = {311AF725-A54A-411C-A924-244D0901360E}
		{93F51D48-FD0A-4CF2-802C-276FC67C8545} = {311AF725-A54A-411C-A924-244D0901360E}
		{A19FB45B-D99B-4801-A8EB-EDDF7976F95C} = {311AF725-A54A-411C-A924-244D0901360E}
		{48E72FD0-4EB6-4F65-AEF8-E38AAA3B0619} = {311AF725-A54A-411C-A924-244D0901360E}
		{2BE559C1-A031-42FE-9C24-35712D2D9C54} = {311AF725-A54A-411C-A924-244D0901360E}
		{A1DFE6ED-2638-4C0F-947F-F1B3515BDEE5} = {311AF725-A54A-411C-A924-244D0901360E}
		{1F7A0DB0-661D-4DA5-93BE-E3E6E4391614} = {311AF725-A54A-411C-A924-244D0901360E}
	EndGlobalSection
	GlobalSection(ExtensibilityGlobals) = postSolution
		SolutionGuid = {84D6EE20-C5AE-498D-80D9-07047CF77240}
	EndGlobalSection
EndGlobal
